
Microsoft Visual Studio Solution File, Format Version 12.00
# Visual Studio Version 17
VisualStudioVersion = 17.5.002.0
MinimumVisualStudioVersion = 10.0.40219.1
Project("{9A19103F-16F7-4668-BE54-9A1E7A4F7556}") = "Mini_Project1", "Mini_Project1.csproj", "{264BF1AC-5BFC-4D25-9623-4105A62D3F5F}"
EndProject
Global
	GlobalSection(SolutionConfigurationPlatforms) = preSolution
		Debug|Any CPU = Debug|Any CPU
		Release|Any CPU = Release|Any CPU
	EndGlobalSection
	GlobalSection(ProjectConfigurationPlatforms) = postSolution
		{264BF1AC-5BFC-4D25-9623-4105A62D3F5F}.Debug|Any CPU.ActiveCfg = Debug|Any CPU
		{264BF1AC-5BFC-4D25-9623-4105A62D3F5F}.Debug|Any CPU.Build.0 = Debug|Any CPU
		{264BF1AC-5BFC-4D25-9623-4105A62D3F5F}.Release|Any CPU.ActiveCfg = Release|Any CPU
		{264BF1AC-5BFC-4D25-9623-4105A62D3F5F}.Release|Any CPU.Build.0 = Release|Any CPU
	EndGlobalSection
	GlobalSection(SolutionProperties) = preSolution
		HideSolutionNode = FALSE
	EndGlobalSection
	GlobalSection(ExtensibilityGlobals) = postSolution
		SolutionGuid = {2D9F1D16-49A8-489F-A9B0-8A49CD7F8D8E}
	EndGlobalSection
EndGlobal
